{
  "name": "ycli",
  "version": "0.0.2",
  "lockfileVersion": 1,
  "requires": true,
  "dependencies": {
    "lodash": {
      "version": "4.17.4",
      "resolved": "https://registry.npmjs.org/lodash/-/lodash-4.17.4.tgz",
      "integrity": "sha1-eCA6TRwyiuHYbcpkYONptX9AVa4="
    },
    "treeify": {
      "version": "1.0.1",
      "resolved": "https://registry.npmjs.org/treeify/-/treeify-1.0.1.tgz",
      "integrity": "sha1-abPNAiAioWhCTnz6HO1EyTnT6y8="
    },
    "untildify": {
      "version": "3.0.2",
      "resolved": "https://registry.npmjs.org/untildify/-/untildify-3.0.2.tgz",
      "integrity": "sha1-fx8wIFWz/qDz6B3HjrNnZstl4/E="
    }
  }
}
